
Microsoft Visual Studio Solution File, Format Version 12.00
# Visual Studio Version 16
VisualStudioVersion = 16.0.30717.126
MinimumVisualStudioVersion = 10.0.40219.1
Project("{9A19103F-16F7-4668-BE54-9A1E7A4F7556}") = "VmAgent.Core", "VmAgent.Core\VmAgent.Core.csproj", "{DA0D2868-4607-46FB-967D-DECB539A374B}"
EndProject
Project("{9A19103F-16F7-4668-BE54-9A1E7A4F7556}") = "AgentInterfaces", "AgentInterfaces\AgentInterfaces.csproj", "{D2315DDE-004B-404A-BF36-6F2ADF595404}"
EndProject
Project("{9A19103F-16F7-4668-BE54-9A1E7A4F7556}") = "AgentInterfaces.Tests", "AgentInterfaces.Tests\AgentInterfaces.Tests.csproj", "{C9B1D1BC-15CE-436C-91A7-1F8501E2CDE5}"
EndProject
Project("{9A19103F-16F7-4668-BE54-9A1E7A4F7556}") = "LocalMultiplayerAgent", "LocalMultiplayerAgent\LocalMultiplayerAgent.csproj", "{01DC9EE1-3D09-4A81-A622-F1C9A9FE1171}"
EndProject
Project("{9A19103F-16F7-4668-BE54-9A1E7A4F7556}") = "LocalMultiplayerAgent.UnitTest", "LocalMultiplayerAgent.UnitTest\LocalMultiplayerAgent.UnitTest.csproj", "{02A3AC2B-D021-498C-9595-0816254F3D10}"
EndProject
Global
	GlobalSection(SolutionConfigurationPlatforms) = preSolution
		Debug|Any CPU = Debug|Any CPU
		Release|Any CPU = Release|Any CPU
	EndGlobalSection
	GlobalSection(ProjectConfigurationPlatforms) = postSolution
		{DA0D2868-4607-46FB-967D-DECB539A374B}.Debug|Any CPU.ActiveCfg = Debug|Any CPU
		{DA0D2868-4607-46FB-967D-DECB539A374B}.Debug|Any CPU.Build.0 = Debug|Any CPU
		{DA0D2868-4607-46FB-967D-DECB539A374B}.Release|Any CPU.ActiveCfg = Release|Any CPU
		{DA0D2868-4607-46FB-967D-DECB539A374B}.Release|Any CPU.Build.0 = Release|Any CPU
		{D2315DDE-004B-404A-BF36-6F2ADF595404}.Debug|Any CPU.ActiveCfg = Debug|Any CPU
		{D2315DDE-004B-404A-BF36-6F2ADF595404}.Debug|Any CPU.Build.0 = Debug|Any CPU
		{D2315DDE-004B-404A-BF36-6F2ADF595404}.Release|Any CPU.ActiveCfg = Release|Any CPU
		{D2315DDE-004B-404A-BF36-6F2ADF595404}.Release|Any CPU.Build.0 = Release|Any CPU
		{C9B1D1BC-15CE-436C-91A7-1F8501E2CDE5}.Debug|Any CPU.ActiveCfg = Debug|Any CPU
		{C9B1D1BC-15CE-436C-91A7-1F8501E2CDE5}.Debug|Any CPU.Build.0 = Debug|Any CPU
		{C9B1D1BC-15CE-436C-91A7-1F8501E2CDE5}.Release|Any CPU.ActiveCfg = Release|Any CPU
		{C9B1D1BC-15CE-436C-91A7-1F8501E2CDE5}.Release|Any CPU.Build.0 = Release|Any CPU
		{01DC9EE1-3D09-4A81-A622-F1C9A9FE1171}.Debug|Any CPU.ActiveCfg = Debug|Any CPU
		{01DC9EE1-3D09-4A81-A622-F1C9A9FE1171}.Debug|Any CPU.Build.0 = Debug|Any CPU
		{01DC9EE1-3D09-4A81-A622-F1C9A9FE1171}.Release|Any CPU.ActiveCfg = Release|Any CPU
		{01DC9EE1-3D09-4A81-A622-F1C9A9FE1171}.Release|Any CPU.Build.0 = Release|Any CPU
		{02A3AC2B-D021-498C-9595-0816254F3D10}.Debug|Any CPU.ActiveCfg = Debug|Any CPU
		{02A3AC2B-D021-498C-9595-0816254F3D10}.Debug|Any CPU.Build.0 = Debug|Any CPU
		{02A3AC2B-D021-498C-9595-0816254F3D10}.Release|Any CPU.ActiveCfg = Release|Any CPU
		{02A3AC2B-D021-498C-9595-0816254F3D10}.Release|Any CPU.Build.0 = Release|Any CPU
	EndGlobalSection
	GlobalSection(SolutionProperties) = preSolution
		HideSolutionNode = FALSE
	EndGlobalSection
	GlobalSection(ExtensibilityGlobals) = postSolution
		SolutionGuid = {7C66D841-B484-4DEF-89D9-E222D9FF5D5C}
	EndGlobalSection
EndGlobal
